
Microsoft Visual Studio Solution File, Format Version 12.00
# Visual Studio Version 17
VisualStudioVersion = 17.2.32602.215
MinimumVisualStudioVersion = 10.0.40219.1
Project("{FAE04EC0-301F-11D3-BF4B-00C04F79EFBC}") = "SEDC.Class03.Demo", "SEDC.Class03.Demo\SEDC.Class03.Demo.csproj", "{73454F5B-CFB7-4407-855B-934C5FC8A693}"
EndProject
Global
	GlobalSection(SolutionConfigurationPlatforms) = preSolution
		Debug|Any CPU = Debug|Any CPU
		Release|Any CPU = Release|Any CPU
	EndGlobalSection
	GlobalSection(ProjectConfigurationPlatforms) = postSolution
		{73454F5B-CFB7-4407-855B-934C5FC8A693}.Debug|Any CPU.ActiveCfg = Debug|Any CPU
		{73454F5B-CFB7-4407-855B-934C5FC8A693}.Debug|Any CPU.Build.0 = Debug|Any CPU
		{73454F5B-CFB7-4407-855B-934C5FC8A693}.Release|Any CPU.ActiveCfg = Release|Any CPU
		{73454F5B-CFB7-4407-855B-934C5FC8A693}.Release|Any CPU.Build.0 = Release|Any CPU
	EndGlobalSection
	GlobalSection(SolutionProperties) = preSolution
		HideSolutionNode = FALSE
	EndGlobalSection
	GlobalSection(ExtensibilityGlobals) = postSolution
		SolutionGuid = {913FDD94-2A6E-4B6A-8BAB-1A70B53EAF83}
	EndGlobalSection
EndGlobal
